
Microsoft Visual Studio Solution File, Format Version 12.00
# Visual Studio Version 17
VisualStudioVersion = 17.2.32602.215
MinimumVisualStudioVersion = 10.0.40219.1
Project("{FAE04EC0-301F-11D3-BF4B-00C04F79EFBC}") = "NLog.Layouts.LogfmtLayout", "NLog.Layouts.LogfmtLayout\NLog.Layouts.LogfmtLayout.csproj", "{407DE23F-EAB8-4BF4-986E-C9492A55043E}"
EndProject
Project("{FAE04EC0-301F-11D3-BF4B-00C04F79EFBC}") = "NLog.Layouts.LogfmtLayout.Test", "NLog.Layouts.LogfmtLayout.Test\NLog.Layouts.LogfmtLayout.Test.csproj", "{443DE57A-3EDE-45C8-9009-925D176DA77C}"
EndProject
Global
	GlobalSection(SolutionConfigurationPlatforms) = preSolution
		Debug|Any CPU = Debug|Any CPU
		Release|Any CPU = Release|Any CPU
	EndGlobalSection
	GlobalSection(ProjectConfigurationPlatforms) = postSolution
		{407DE23F-EAB8-4BF4-986E-C9492A55043E}.Debug|Any CPU.ActiveCfg = Debug|Any CPU
		{407DE23F-EAB8-4BF4-986E-C9492A55043E}.Debug|Any CPU.Build.0 = Debug|Any CPU
		{407DE23F-EAB8-4BF4-986E-C9492A55043E}.Release|Any CPU.ActiveCfg = Release|Any CPU
		{407DE23F-EAB8-4BF4-986E-C9492A55043E}.Release|Any CPU.Build.0 = Release|Any CPU
		{443DE57A-3EDE-45C8-9009-925D176DA77C}.Debug|Any CPU.ActiveCfg = Debug|Any CPU
		{443DE57A-3EDE-45C8-9009-925D176DA77C}.Debug|Any CPU.Build.0 = Debug|Any CPU
		{443DE57A-3EDE-45C8-9009-925D176DA77C}.Release|Any CPU.ActiveCfg = Release|Any CPU
		{443DE57A-3EDE-45C8-9009-925D176DA77C}.Release|Any CPU.Build.0 = Release|Any CPU
	EndGlobalSection
	GlobalSection(SolutionProperties) = preSolution
		HideSolutionNode = FALSE
	EndGlobalSection
	GlobalSection(ExtensibilityGlobals) = postSolution
		SolutionGuid = {C6040D18-38EF-45CE-92F6-8DB36F770B80}
	EndGlobalSection
EndGlobal
